
Microsoft Visual Studio Solution File, Format Version 12.00
# Visual Studio Version 17
VisualStudioVersion = 17.14.36408.4
MinimumVisualStudioVersion = 10.0.40219.1
Project("{FAE04EC0-301F-11D3-BF4B-00C04F79EFBC}") = "ProgrammerProject", "ProgrammerProject\ProgrammerProject.csproj", "{DF3B314D-C773-478B-852F-EBAB615198DE}"
EndProject
Global
	GlobalSection(SolutionConfigurationPlatforms) = preSolution
		Debug|Any CPU = Debug|Any CPU
		Release|Any CPU = Release|Any CPU
	EndGlobalSection
	GlobalSection(ProjectConfigurationPlatforms) = postSolution
		{DF3B314D-C773-478B-852F-EBAB615198DE}.Debug|Any CPU.ActiveCfg = Debug|Any CPU
		{DF3B314D-C773-478B-852F-EBAB615198DE}.Debug|Any CPU.Build.0 = Debug|Any CPU
		{DF3B314D-C773-478B-852F-EBAB615198DE}.Release|Any CPU.ActiveCfg = Release|Any CPU
		{DF3B314D-C773-478B-852F-EBAB615198DE}.Release|Any CPU.Build.0 = Release|Any CPU
	EndGlobalSection
	GlobalSection(SolutionProperties) = preSolution
		HideSolutionNode = FALSE
	EndGlobalSection
	GlobalSection(ExtensibilityGlobals) = postSolution
		SolutionGuid = {6F2D6156-0A50-4CA6-838B-0F7FE5129F71}
	EndGlobalSection
EndGlobal
